
Microsoft Visual Studio Solution File, Format Version 12.00
# Visual Studio 15
VisualStudioVersion = 15.0.26124.0
MinimumVisualStudioVersion = 15.0.26124.0
Project("{FAE04EC0-301F-11D3-BF4B-00C04F79EFBC}") = "Domain", "Domain\Domain.csproj", "{44C10202-97FB-421E-B772-EA1A35454A34}"
EndProject
Project("{FAE04EC0-301F-11D3-BF4B-00C04F79EFBC}") = "Persistence", "Persistence\Persistence.csproj", "{FB900F5B-7FF6-4512-AA23-853D54B43354}"
EndProject
Project("{FAE04EC0-301F-11D3-BF4B-00C04F79EFBC}") = "API", "API\API.csproj", "{D309C9B4-6C77-47E0-A578-60D72B8FE689}"
EndProject
Project("{FAE04EC0-301F-11D3-BF4B-00C04F79EFBC}") = "Application", "Application\Application.csproj", "{E85767F3-5686-4AB2-A041-7C99D1B5860B}"
EndProject
Global
	GlobalSection(SolutionConfigurationPlatforms) = preSolution
		Debug|Any CPU = Debug|Any CPU
		Debug|x64 = Debug|x64
		Debug|x86 = Debug|x86
		Release|Any CPU = Release|Any CPU
		Release|x64 = Release|x64
		Release|x86 = Release|x86
	EndGlobalSection
	GlobalSection(SolutionProperties) = preSolution
		HideSolutionNode = FALSE
	EndGlobalSection
	GlobalSection(ProjectConfigurationPlatforms) = postSolution
		{44C10202-97FB-421E-B772-EA1A35454A34}.Debug|Any CPU.ActiveCfg = Debug|Any CPU
		{44C10202-97FB-421E-B772-EA1A35454A34}.Debug|Any CPU.Build.0 = Debug|Any CPU
		{44C10202-97FB-421E-B772-EA1A35454A34}.Debug|x64.ActiveCfg = Debug|Any CPU
		{44C10202-97FB-421E-B772-EA1A35454A34}.Debug|x64.Build.0 = Debug|Any CPU
		{44C10202-97FB-421E-B772-EA1A35454A34}.Debug|x86.ActiveCfg = Debug|Any CPU
		{44C10202-97FB-421E-B772-EA1A35454A34}.Debug|x86.Build.0 = Debug|Any CPU
		{44C10202-97FB-421E-B772-EA1A35454A34}.Release|Any CPU.ActiveCfg = Release|Any CPU
		{44C10202-97FB-421E-B772-EA1A35454A34}.Release|Any CPU.Build.0 = Release|Any CPU
		{44C10202-97FB-421E-B772-EA1A35454A34}.Release|x64.ActiveCfg = Release|Any CPU
		{44C10202-97FB-421E-B772-EA1A35454A34}.Release|x64.Build.0 = Release|Any CPU
		{44C10202-97FB-421E-B772-EA1A35454A34}.Release|x86.ActiveCfg = Release|Any CPU
		{44C10202-97FB-421E-B772-EA1A35454A34}.Release|x86.Build.0 = Release|Any CPU
		{FB900F5B-7FF6-4512-AA23-853D54B43354}.Debug|Any CPU.ActiveCfg = Debug|Any CPU
		{FB900F5B-7FF6-4512-AA23-853D54B43354}.Debug|Any CPU.Build.0 = Debug|Any CPU
		{FB900F5B-7FF6-4512-AA23-853D54B43354}.Debug|x64.ActiveCfg = Debug|Any CPU
		{FB900F5B-7FF6-4512-AA23-853D54B43354}.Debug|x64.Build.0 = Debug|Any CPU
		{FB900F5B-7FF6-4512-AA23-853D54B43354}.Debug|x86.ActiveCfg = Debug|Any CPU
		{FB900F5B-7FF6-4512-AA23-853D54B43354}.Debug|x86.Build.0 = Debug|Any CPU
		{FB900F5B-7FF6-4512-AA23-853D54B43354}.Release|Any CPU.ActiveCfg = Release|Any CPU
		{FB900F5B-7FF6-4512-AA23-853D54B43354}.Release|Any CPU.Build.0 = Release|Any CPU
		{FB900F5B-7FF6-4512-AA23-853D54B43354}.Release|x64.ActiveCfg = Release|Any CPU
		{FB900F5B-7FF6-4512-AA23-853D54B43354}.Release|x64.Build.0 = Release|Any CPU
		{FB900F5B-7FF6-4512-AA23-853D54B43354}.Release|x86.ActiveCfg = Release|Any CPU
		{FB900F5B-7FF6-4512-AA23-853D54B43354}.Release|x86.Build.0 = Release|Any CPU
		{D309C9B4-6C77-47E0-A578-60D72B8FE689}.Debug|Any CPU.ActiveCfg = Debug|Any CPU
		{D309C9B4-6C77-47E0-A578-60D72B8FE689}.Debug|Any CPU.Build.0 = Debug|Any CPU
		{D309C9B4-6C77-47E0-A578-60D72B8FE689}.Debug|x64.ActiveCfg = Debug|Any CPU
		{D309C9B4-6C77-47E0-A578-60D72B8FE689}.Debug|x64.Build.0 = Debug|Any CPU
		{D309C9B4-6C77-47E0-A578-60D72B8FE689}.Debug|x86.ActiveCfg = Debug|Any CPU
		{D309C9B4-6C77-47E0-A578-60D72B8FE689}.Debug|x86.Build.0 = Debug|Any CPU
		{D309C9B4-6C77-47E0-A578-60D72B8FE689}.Release|Any CPU.ActiveCfg = Release|Any CPU
		{D309C9B4-6C77-47E0-A578-60D72B8FE689}.Release|Any CPU.Build.0 = Release|Any CPU
		{D309C9B4-6C77-47E0-A578-60D72B8FE689}.Release|x64.ActiveCfg = Release|Any CPU
		{D309C9B4-6C77-47E0-A578-60D72B8FE689}.Release|x64.Build.0 = Release|Any CPU
		{D309C9B4-6C77-47E0-A578-60D72B8FE689}.Release|x86.ActiveCfg = Release|Any CPU
		{D309C9B4-6C77-47E0-A578-60D72B8FE689}.Release|x86.Build.0 = Release|Any CPU
		{E85767F3-5686-4AB2-A041-7C99D1B5860B}.Debug|Any CPU.ActiveCfg = Debug|Any CPU
		{E85767F3-5686-4AB2-A041-7C99D1B5860B}.Debug|Any CPU.Build.0 = Debug|Any CPU
		{E85767F3-5686-4AB2-A041-7C99D1B5860B}.Debug|x64.ActiveCfg = Debug|Any CPU
		{E85767F3-5686-4AB2-A041-7C99D1B5860B}.Debug|x64.Build.0 = Debug|Any CPU
		{E85767F3-5686-4AB2-A041-7C99D1B5860B}.Debug|x86.ActiveCfg = Debug|Any CPU
		{E85767F3-5686-4AB2-A041-7C99D1B5860B}.Debug|x86.Build.0 = Debug|Any CPU
		{E85767F3-5686-4AB2-A041-7C99D1B5860B}.Release|Any CPU.ActiveCfg = Release|Any CPU
		{E85767F3-5686-4AB2-A041-7C99D1B5860B}.Release|Any CPU.Build.0 = Release|Any CPU
		{E85767F3-5686-4AB2-A041-7C99D1B5860B}.Release|x64.ActiveCfg = Release|Any CPU
		{E85767F3-5686-4AB2-A041-7C99D1B5860B}.Release|x64.Build.0 = Release|Any CPU
		{E85767F3-5686-4AB2-A041-7C99D1B5860B}.Release|x86.ActiveCfg = Release|Any CPU
		{E85767F3-5686-4AB2-A041-7C99D1B5860B}.Release|x86.Build.0 = Release|Any CPU
	EndGlobalSection
EndGlobal
